// !$*UTF8*$!
{
	archiveVersion = 1;
	classes = {
	};
	objectVersion = 56;
	objects = {

/* Begin PBXBuildFile section */
		9F1382A729BF87D60054168B /* Refeicao.swift in Sources */ = {isa = PBXBuildFile; fileRef = 9F1382A629BF87D60054168B /* Refeicao.swift */; };
		9F1382A929BF88560054168B /* Item.swift in Sources */ = {isa = PBXBuildFile; fileRef = 9F1382A829BF88560054168B /* Item.swift */; };
		9FD0123F29C5077A002AEFB9 /* AdicionarItensViewController.swift in Sources */ = {isa = PBXBuildFile; fileRef = 9FD0123D29C5077A002AEFB9 /* AdicionarItensViewController.swift */; };
		9FD0124029C5077A002AEFB9 /* AdicionarItensViewController.xib in Resources */ = {isa = PBXBuildFile; fileRef = 9FD0123E29C5077A002AEFB9 /* AdicionarItensViewController.xib */; };
		9FD8D78029C3756D00C776E7 /* RefeicoesTableViewController.swift in Sources */ = {isa = PBXBuildFile; fileRef = 9FD8D77F29C3756D00C776E7 /* RefeicoesTableViewController.swift */; };
		9FFD0D0329B1570E0046F279 /* AppDelegate.swift in Sources */ = {isa = PBXBuildFile; fileRef = 9FFD0D0229B1570E0046F279 /* AppDelegate.swift */; };
		9FFD0D0529B1570E0046F279 /* SceneDelegate.swift in Sources */ = {isa = PBXBuildFile; fileRef = 9FFD0D0429B1570E0046F279 /* SceneDelegate.swift */; };
		9FFD0D0729B1570E0046F279 /* ViewController.swift in Sources */ = {isa = PBXBuildFile; fileRef = 9FFD0D0629B1570E0046F279 /* ViewController.swift */; };
		9FFD0D0A29B1570E0046F279 /* Main.storyboard in Resources */ = {isa = PBXBuildFile; fileRef = 9FFD0D0829B1570E0046F279 /* Main.storyboard */; };
		9FFD0D0C29B1570E0046F279 /* Assets.xcassets in Resources */ = {isa = PBXBuildFile; fileRef = 9FFD0D0B29B1570E0046F279 /* Assets.xcassets */; };
		9FFD0D0F29B1570E0046F279 /* LaunchScreen.storyboard in Resources */ = {isa = PBXBuildFile; fileRef = 9FFD0D0D29B1570E0046F279 /* LaunchScreen.storyboard */; };
/* End PBXBuildFile section */

/* Begin PBXFileReference section */
		9F1382A629BF87D60054168B /* Refeicao.swift */ = {isa = PBXFileReference; lastKnownFileType = sourcecode.swift; path = Refeicao.swift; sourceTree = "<group>"; };
		9F1382A829BF88560054168B /* Item.swift */ = {isa = PBXFileReference; lastKnownFileType = sourcecode.swift; path = Item.swift; sourceTree = "<group>"; };
		9F57804329B9211500066F74 /* MyPlayground.playground */ = {isa = PBXFileReference; lastKnownFileType = file.playground; path = MyPlayground.playground; sourceTree = "<group>"; xcLanguageSpecificationIdentifier = xcode.lang.swift; };
		9FD0123D29C5077A002AEFB9 /* AdicionarItensViewController.swift */ = {isa = PBXFileReference; lastKnownFileType = sourcecode.swift; path = AdicionarItensViewController.swift; sourceTree = "<group>"; };
		9FD0123E29C5077A002AEFB9 /* AdicionarItensViewController.xib */ = {isa = PBXFileReference; lastKnownFileType = file.xib; path = AdicionarItensViewController.xib; sourceTree = "<group>"; };
		9FD8D77F29C3756D00C776E7 /* RefeicoesTableViewController.swift */ = {isa = PBXFileReference; lastKnownFileType = sourcecode.swift; path = RefeicoesTableViewController.swift; sourceTree = "<group>"; };
		9FFD0CFF29B1570E0046F279 /* primeiro-projeto.app */ = {isa = PBXFileReference; explicitFileType = wrapper.application; includeInIndex = 0; path = "primeiro-projeto.app"; sourceTree = BUILT_PRODUCTS_DIR; };
		9FFD0D0229B1570E0046F279 /* AppDelegate.swift */ = {isa = PBXFileReference; lastKnownFileType = sourcecode.swift; path = AppDelegate.swift; sourceTree = "<group>"; };
		9FFD0D0429B1570E0046F279 /* SceneDelegate.swift */ = {isa = PBXFileReference; lastKnownFileType = sourcecode.swift; path = SceneDelegate.swift; sourceTree = "<group>"; };
		9FFD0D0629B1570E0046F279 /* ViewController.swift */ = {isa = PBXFileReference; lastKnownFileType = sourcecode.swift; path = ViewController.swift; sourceTree = "<group>"; };
		9FFD0D0929B1570E0046F279 /* Base */ = {isa = PBXFileReference; lastKnownFileType = file.storyboard; name = Base; path = Base.lproj/Main.storyboard; sourceTree = "<group>"; };
		9FFD0D0B29B1570E0046F279 /* Assets.xcassets */ = {isa = PBXFileReference; lastKnownFileType = folder.assetcatalog; path = Assets.xcassets; sourceTree = "<group>"; };
		9FFD0D0E29B1570E0046F279 /* Base */ = {isa = PBXFileReference; lastKnownFileType = file.storyboard; name = Base; path = Base.lproj/LaunchScreen.storyboard; sourceTree = "<group>"; };
		9FFD0D1029B1570E0046F279 /* Info.plist */ = {isa = PBXFileReference; lastKnownFileType = text.plist.xml; path = Info.plist; sourceTree = "<group>"; };
/* End PBXFileReference section */

/* Begin PBXFrameworksBuildPhase section */
		9FFD0CFC29B1570E0046F279 /* Frameworks */ = {
			isa = PBXFrameworksBuildPhase;
			buildActionMask = 2147483647;
			files = (
			);
			runOnlyForDeploymentPostprocessing = 0;
		};
/* End PBXFrameworksBuildPhase section */

/* Begin PBXGroup section */
		9F1382AA29BF890B0054168B /* Models */ = {
			isa = PBXGroup;
			children = (
				9F1382A629BF87D60054168B /* Refeicao.swift */,
				9F1382A829BF88560054168B /* Item.swift */,
			);
			path = Models;
			sourceTree = "<group>";
		};
		9F1382AB29BF892D0054168B /* Controllers */ = {
			isa = PBXGroup;
			children = (
				9FD0123D29C5077A002AEFB9 /* AdicionarItensViewController.swift */,
				9FFD0D0629B1570E0046F279 /* ViewController.swift */,
				9FD8D77F29C3756D00C776E7 /* RefeicoesTableViewController.swift */,
			);
			path = Controllers;
			sourceTree = "<group>";
		};
		9F1382AC29BF894F0054168B /* Views */ = {
			isa = PBXGroup;
			children = (
				9FFD0D0829B1570E0046F279 /* Main.storyboard */,
				9FD0123E29C5077A002AEFB9 /* AdicionarItensViewController.xib */,
			);
			path = Views;
			sourceTree = "<group>";
		};
		9FFD0CF629B1570E0046F279 = {
			isa = PBXGroup;
			children = (
				9FFD0D0129B1570E0046F279 /* primeiro-projeto */,
				9FFD0D0029B1570E0046F279 /* Products */,
			);
			sourceTree = "<group>";
		};
		9FFD0D0029B1570E0046F279 /* Products */ = {
			isa = PBXGroup;
			children = (
				9FFD0CFF29B1570E0046F279 /* primeiro-projeto.app */,
			);
			name = Products;
			sourceTree = "<group>";
		};
		9FFD0D0129B1570E0046F279 /* primeiro-projeto */ = {
			isa = PBXGroup;
			children = (
				9F1382AA29BF890B0054168B /* Models */,
				9F1382AC29BF894F0054168B /* Views */,
				9F1382AB29BF892D0054168B /* Controllers */,
				9FFD0D0229B1570E0046F279 /* AppDelegate.swift */,
				9FFD0D0429B1570E0046F279 /* SceneDelegate.swift */,
				9FFD0D0B29B1570E0046F279 /* Assets.xcassets */,
				9F57804329B9211500066F74 /* MyPlayground.playground */,
				9FFD0D0D29B1570E0046F279 /* LaunchScreen.storyboard */,
				9FFD0D1029B1570E0046F279 /* Info.plist */,
			);
			path = "primeiro-projeto";
			sourceTree = "<group>";
		};
/* End PBXGroup section */

/* Begin PBXNativeTarget section */
		9FFD0CFE29B1570E0046F279 /* primeiro-projeto */ = {
			isa = PBXNativeTarget;
			buildConfigurationList = 9FFD0D1329B1570E0046F279 /* Build configuration list for PBXNativeTarget "primeiro-projeto" */;
			buildPhases = (
				9FFD0CFB29B1570E0046F279 /* Sources */,
				9FFD0CFC29B1570E0046F279 /* Frameworks */,
				9FFD0CFD29B1570E0046F279 /* Resources */,
			);
			buildRules = (
			);
			dependencies = (
			);
			name = "primeiro-projeto";
			productName = "primeiro-projeto";
			productReference = 9FFD0CFF29B1570E0046F279 /* primeiro-projeto.app */;
			productType = "com.apple.product-type.application";
		};
/* End PBXNativeTarget section */

/* Begin PBXProject section */
		9FFD0CF729B1570E0046F279 /* Project object */ = {
			isa = PBXProject;
			attributes = {
				BuildIndependentTargetsInParallel = 1;
				LastSwiftUpdateCheck = 1420;
				LastUpgradeCheck = 1420;
				TargetAttributes = {
					9FFD0CFE29B1570E0046F279 = {
						CreatedOnToolsVersion = 14.2;
					};
				};
			};
			buildConfigurationList = 9FFD0CFA29B1570E0046F279 /* Build configuration list for PBXProject "primeiro-projeto" */;
			compatibilityVersion = "Xcode 14.0";
			developmentRegion = en;
			hasScannedForEncodings = 0;
			knownRegions = (
				en,
				Base,
			);
			mainGroup = 9FFD0CF629B1570E0046F279;
			productRefGroup = 9FFD0D0029B1570E0046F279 /* Products */;
			projectDirPath = "";
			projectRoot = "";
			targets = (
				9FFD0CFE29B1570E0046F279 /* primeiro-projeto */,
			);
		};
/* End PBXProject section */

/* Begin PBXResourcesBuildPhase section */
		9FFD0CFD29B1570E0046F279 /* Resources */ = {
			isa = PBXResourcesBuildPhase;
			buildActionMask = 2147483647;
			files = (
				9FFD0D0F29B1570E0046F279 /* LaunchScreen.storyboard in Resources */,
				9FFD0D0C29B1570E0046F279 /* Assets.xcassets in Resources */,
				9FD0124029C5077A002AEFB9 /* AdicionarItensViewController.xib in Resources */,
				9FFD0D0A29B1570E0046F279 /* Main.storyboard in Resources */,
			);
			runOnlyForDeploymentPostprocessing = 0;
		};
/* End PBXResourcesBuildPhase section */

/* Begin PBXSourcesBuildPhase section */
		9FFD0CFB29B1570E0046F279 /* Sources */ = {
			isa = PBXSourcesBuildPhase;
			buildActionMask = 2147483647;
			files = (
				9F1382A929BF88560054168B /* Item.swift in Sources */,
				9FFD0D0729B1570E0046F279 /* ViewController.swift in Sources */,
				9FD0123F29C5077A002AEFB9 /* AdicionarItensViewController.swift in Sources */,
				9FFD0D0329B1570E0046F279 /* AppDelegate.swift in Sources */,
				9FD8D78029C3756D00C776E7 /* RefeicoesTableViewController.swift in Sources */,
				9FFD0D0529B1570E0046F279 /* SceneDelegate.swift in Sources */,
				9F1382A729BF87D60054168B /* Refeicao.swift in Sources */,
			);
			runOnlyForDeploymentPostprocessing = 0;
		};
/* End PBXSourcesBuildPhase section */

/* Begin PBXVariantGroup section */
		9FFD0D0829B1570E0046F279 /* Main.storyboard */ = {
			isa = PBXVariantGroup;
			children = (
				9FFD0D0929B1570E0046F279 /* Base */,
			);
			name = Main.storyboard;
			sourceTree = "<group>";
		};
		9FFD0D0D29B1570E0046F279 /* LaunchScreen.storyboard */ = {
			isa = PBXVariantGroup;
			children = (
				9FFD0D0E29B1570E0046F279 /* Base */,
			);
			name = LaunchScreen.storyboard;
			sourceTree = "<group>";
		};
/* End PBXVariantGroup section */

/* Begin XCBuildConfiguration section */
		9FFD0D1129B1570E0046F279 /* Debug */ = {
			isa = XCBuildConfiguration;
			buildSettings = {
				ALWAYS_SEARCH_USER_PATHS = NO;
				CLANG_ANALYZER_NONNULL = YES;
				CLANG_ANALYZER_NUMBER_OBJECT_CONVERSION = YES_AGGRESSIVE;
				CLANG_CXX_LANGUAGE_STANDARD = "gnu++20";
				CLANG_ENABLE_MODULES = YES;
				CLANG_ENABLE_OBJC_ARC = YES;
				CLANG_ENABLE_OBJC_WEAK = YES;
				CLANG_WARN_BLOCK_CAPTURE_AUTORELEASING = YES;
				CLANG_WARN_BOOL_CONVERSION = YES;
				CLANG_WARN_COMMA = YES;
				CLANG_WARN_CONSTANT_CONVERSION = YES;
				CLANG_WARN_DEPRECATED_OBJC_IMPLEMENTATIONS = YES;
				CLANG_WARN_DIRECT_OBJC_ISA_USAGE = YES_ERROR;
				CLANG_WARN_DOCUMENTATION_COMMENTS = YES;
				CLANG_WARN_EMPTY_BODY = YES;
				CLANG_WARN_ENUM_CONVERSION = YES;
				CLANG_WARN_INFINITE_RECURSION = YES;
				CLANG_WARN_INT_CONVERSION = YES;
				CLANG_WARN_NON_LITERAL_NULL_CONVERSION = YES;
				CLANG_WARN_OBJC_IMPLICIT_RETAIN_SELF = YES;
				CLANG_WARN_OBJC_LITERAL_CONVERSION = YES;
				CLANG_WARN_OBJC_ROOT_CLASS = YES_ERROR;
				CLANG_WARN_QUOTED_INCLUDE_IN_FRAMEWORK_HEADER = YES;
				CLANG_WARN_RANGE_LOOP_ANALYSIS = YES;
				CLANG_WARN_STRICT_PROTOTYPES = YES;
				CLANG_WARN_SUSPICIOUS_MOVE = YES;
				CLANG_WARN_UNGUARDED_AVAILABILITY = YES_AGGRESSIVE;
				CLANG_WARN_UNREACHABLE_CODE = YES;
				CLANG_WARN__DUPLICATE_METHOD_MATCH = YES;
				COPY_PHASE_STRIP = NO;
				DEBUG_INFORMATION_FORMAT = dwarf;
				ENABLE_STRICT_OBJC_MSGSEND = YES;
				ENABLE_TESTABILITY = YES;
				GCC_C_LANGUAGE_STANDARD = gnu11;
				GCC_DYNAMIC_NO_PIC = NO;
				GCC_NO_COMMON_BLOCKS = YES;
				GCC_OPTIMIZATION_LEVEL = 0;
				GCC_PREPROCESSOR_DEFINITIONS = (
					"DEBUG=1",
					"$(inherited)",
				);
				GCC_WARN_64_TO_32_BIT_CONVERSION = YES;
				GCC_WARN_ABOUT_RETURN_TYPE = YES_ERROR;
				GCC_WARN_UNDECLARED_SELECTOR = YES;
				GCC_WARN_UNINITIALIZED_AUTOS = YES_AGGRESSIVE;
				GCC_WARN_UNUSED_FUNCTION = YES;
				GCC_WARN_UNUSED_VARIABLE = YES;
				IPHONEOS_DEPLOYMENT_TARGET = 16.2;
				MTL_ENABLE_DEBUG_INFO = INCLUDE_SOURCE;
				MTL_FAST_MATH = YES;
				ONLY_ACTIVE_ARCH = YES;
				SDKROOT = iphoneos;
				SWIFT_ACTIVE_COMPILATION_CONDITIONS = DEBUG;
				SWIFT_OPTIMIZATION_LEVEL = "-Onone";
			};
			name = Debug;
		};
		9FFD0D1229B1570E0046F279 /* Release */ = {
			isa = XCBuildConfiguration;
			buildSettings = {
				ALWAYS_SEARCH_USER_PATHS = NO;
				CLANG_ANALYZER_NONNULL = YES;
				CLANG_ANALYZER_NUMBER_OBJECT_CONVERSION = YES_AGGRESSIVE;
				CLANG_CXX_LANGUAGE_STANDARD = "gnu++20";
				CLANG_ENABLE_MODULES = YES;
				CLANG_ENABLE_OBJC_ARC = YES;
				CLANG_ENABLE_OBJC_WEAK = YES;
				CLANG_WARN_BLOCK_CAPTURE_AUTORELEASING = YES;
				CLANG_WARN_BOOL_CONVERSION = YES;
				CLANG_WARN_COMMA = YES;
				CLANG_WARN_CONSTANT_CONVERSION = YES;
				CLANG_WARN_DEPRECATED_OBJC_IMPLEMENTATIONS = YES;
				CLANG_WARN_DIRECT_OBJC_ISA_USAGE = YES_ERROR;
				CLANG_WARN_DOCUMENTATION_COMMENTS = YES;
				CLANG_WARN_EMPTY_BODY = YES;
				CLANG_WARN_ENUM_CONVERSION = YES;
				CLANG_WARN_INFINITE_RECURSION = YES;
				CLANG_WARN_INT_CONVERSION = YES;
				CLANG_WARN_NON_LITERAL_NULL_CONVERSION = YES;
				CLANG_WARN_OBJC_IMPLICIT_RETAIN_SELF = YES;
				CLANG_WARN_OBJC_LITERAL_CONVERSION = YES;
				CLANG_WARN_OBJC_ROOT_CLASS = YES_ERROR;
				CLANG_WARN_QUOTED_INCLUDE_IN_FRAMEWORK_HEADER = YES;
				CLANG_WARN_RANGE_LOOP_ANALYSIS = YES;
				CLANG_WARN_STRICT_PROTOTYPES = YES;
				CLANG_WARN_SUSPICIOUS_MOVE = YES;
				CLANG_WARN_UNGUARDED_AVAILABILITY = YES_AGGRESSIVE;
				CLANG_WARN_UNREACHABLE_CODE = YES;
				CLANG_WARN__DUPLICATE_METHOD_MATCH = YES;
				COPY_PHASE_STRIP = NO;
				DEBUG_INFORMATION_FORMAT = "dwarf-with-dsym";
				ENABLE_NS_ASSERTIONS = NO;
				ENABLE_STRICT_OBJC_MSGSEND = YES;
				GCC_C_LANGUAGE_STANDARD = gnu11;
				GCC_NO_COMMON_BLOCKS = YES;
				GCC_WARN_64_TO_32_BIT_CONVERSION = YES;
				GCC_WARN_ABOUT_RETURN_TYPE = YES_ERROR;
				GCC_WARN_UNDECLARED_SELECTOR = YES;
				GCC_WARN_UNINITIALIZED_AUTOS = YES_AGGRESSIVE;
				GCC_WARN_UNUSED_FUNCTION = YES;
				GCC_WARN_UNUSED_VARIABLE = YES;
				IPHONEOS_DEPLOYMENT_TARGET = 16.2;
				MTL_ENABLE_DEBUG_INFO = NO;
				MTL_FAST_MATH = YES;
				SDKROOT = iphoneos;
				SWIFT_COMPILATION_MODE = wholemodule;
				SWIFT_OPTIMIZATION_LEVEL = "-O";
				VALIDATE_PRODUCT = YES;
			};
			name = Release;
		};
		9FFD0D1429B1570E0046F279 /* Debug */ = {
			isa = XCBuildConfiguration;
			buildSettings = {
				ASSETCATALOG_COMPILER_APPICON_NAME = AppIcon;
				ASSETCATALOG_COMPILER_GLOBAL_ACCENT_COLOR_NAME = AccentColor;
				CODE_SIGN_STYLE = Automatic;
				CURRENT_PROJECT_VERSION = 1;
				GENERATE_INFOPLIST_FILE = YES;
				INFOPLIST_FILE = "primeiro-projeto/Info.plist";
				INFOPLIST_KEY_UIApplicationSupportsIndirectInputEvents = YES;
				INFOPLIST_KEY_UILaunchStoryboardName = LaunchScreen;
				INFOPLIST_KEY_UIMainStoryboardFile = Main;
				INFOPLIST_KEY_UISupportedInterfaceOrientations_iPad = "UIInterfaceOrientationPortrait UIInterfaceOrientationPortraitUpsideDown UIInterfaceOrientationLandscapeLeft UIInterfaceOrientationLandscapeRight";
				INFOPLIST_KEY_UISupportedInterfaceOrientations_iPhone = "UIInterfaceOrientationPortrait UIInterfaceOrientationLandscapeLeft UIInterfaceOrientationLandscapeRight";
				LD_RUNPATH_SEARCH_PATHS = (
					"$(inherited)",
					"@executable_path/Frameworks",
				);
				MARKETING_VERSION = 1.0;
				PRODUCT_BUNDLE_IDENTIFIER = "Alura.primeiro-projeto";
				PRODUCT_NAME = "$(TARGET_NAME)";
				SWIFT_EMIT_LOC_STRINGS = YES;
				SWIFT_VERSION = 5.0;
				TARGETED_DEVICE_FAMILY = "1,2";
			};
			name = Debug;
		};
		9FFD0D1529B1570E0046F279 /* Release */ = {
			isa = XCBuildConfiguration;
			buildSettings = {
				ASSETCATALOG_COMPILER_APPICON_NAME = AppIcon;
				ASSETCATALOG_COMPILER_GLOBAL_ACCENT_COLOR_NAME = AccentColor;
				CODE_SIGN_STYLE = Automatic;
				CURRENT_PROJECT_VERSION = 1;
				GENERATE_INFOPLIST_FILE = YES;
				INFOPLIST_FILE = "primeiro-projeto/Info.plist";
				INFOPLIST_KEY_UIApplicationSupportsIndirectInputEvents = YES;
				INFOPLIST_KEY_UILaunchStoryboardName = LaunchScreen;
				INFOPLIST_KEY_UIMainStoryboardFile = Main;
				INFOPLIST_KEY_UISupportedInterfaceOrientations_iPad = "UIInterfaceOrientationPortrait UIInterfaceOrientationPortraitUpsideDown UIInterfaceOrientationLandscapeLeft UIInterfaceOrientationLandscapeRight";
				INFOPLIST_KEY_UISupportedInterfaceOrientations_iPhone = "UIInterfaceOrientationPortrait UIInterfaceOrientationLandscapeLeft UIInterfaceOrientationLandscapeRight";
				LD_RUNPATH_SEARCH_PATHS = (
					"$(inherited)",
					"@executable_path/Frameworks",
				);
				MARKETING_VERSION = 1.0;
				PRODUCT_BUNDLE_IDENTIFIER = "Alura.primeiro-projeto";
				PRODUCT_NAME = "$(TARGET_NAME)";
				SWIFT_EMIT_LOC_STRINGS = YES;
				SWIFT_VERSION = 5.0;
				TARGETED_DEVICE_FAMILY = "1,2";
			};
			name = Release;
		};
/* End XCBuildConfiguration section */

/* Begin XCConfigurationList section */
		9FFD0CFA29B1570E0046F279 /* Build configuration list for PBXProject "primeiro-projeto" */ = {
			isa = XCConfigurationList;
			buildConfigurations = (
				9FFD0D1129B1570E0046F279 /* Debug */,
				9FFD0D1229B1570E0046F279 /* Release */,
			);
			defaultConfigurationIsVisible = 0;
			defaultConfigurationName = Release;
		};
		9FFD0D1329B1570E0046F279 /* Build configuration list for PBXNativeTarget "primeiro-projeto" */ = {
			isa = XCConfigurationList;
			buildConfigurations = (
				9FFD0D1429B1570E0046F279 /* Debug */,
				9FFD0D1529B1570E0046F279 /* Release */,
			);
			defaultConfigurationIsVisible = 0;
			defaultConfigurationName = Release;
		};
/* End XCConfigurationList section */
	};
	rootObject = 9FFD0CF729B1570E0046F279 /* Project object */;
}
